
Microsoft Visual Studio Solution File, Format Version 12.00
# Visual Studio 15
Project("{FAE04EC0-301F-11D3-BF4B-00C04F79EFBC}") = "Assembly-CSharp", "Assembly-CSharp.csproj", "{AB1598D3-746B-8810-F3A0-B6DC5402D42F}"
EndProject
Project("{FAE04EC0-301F-11D3-BF4B-00C04F79EFBC}") = "UniRx", "UniRx.csproj", "{53D328E6-045E-30D7-FA20-EF58897AD2D3}"
EndProject
Project("{FAE04EC0-301F-11D3-BF4B-00C04F79EFBC}") = "IngameDebugConsole.Runtime", "IngameDebugConsole.Runtime.csproj", "{301247DC-DDDF-7C34-B6EE-3B4DD03D5CCC}"
EndProject
Project("{FAE04EC0-301F-11D3-BF4B-00C04F79EFBC}") = "UniRx.Examples", "UniRx.Examples.csproj", "{D1433510-5F8E-ECB5-9A7D-552EA206C282}"
EndProject
Project("{FAE04EC0-301F-11D3-BF4B-00C04F79EFBC}") = "Assembly-CSharp-Editor", "Assembly-CSharp-Editor.csproj", "{9FB324A3-3531-87A0-3EFE-4940043BDBDC}"
EndProject
Project("{FAE04EC0-301F-11D3-BF4B-00C04F79EFBC}") = "IngameDebugConsole.Editor", "IngameDebugConsole.Editor.csproj", "{C23AFF43-6962-1B82-BC62-B52F142E2701}"
EndProject
Global
	GlobalSection(SolutionConfigurationPlatforms) = preSolution
		Debug|Any CPU = Debug|Any CPU
		Release|Any CPU = Release|Any CPU
	EndGlobalSection
	GlobalSection(ProjectConfigurationPlatforms) = postSolution
		{AB1598D3-746B-8810-F3A0-B6DC5402D42F}.Debug|Any CPU.ActiveCfg = Debug|Any CPU
		{AB1598D3-746B-8810-F3A0-B6DC5402D42F}.Debug|Any CPU.Build.0 = Debug|Any CPU
		{AB1598D3-746B-8810-F3A0-B6DC5402D42F}.Release|Any CPU.ActiveCfg = Release|Any CPU
		{AB1598D3-746B-8810-F3A0-B6DC5402D42F}.Release|Any CPU.Build.0 = Release|Any CPU
		{53D328E6-045E-30D7-FA20-EF58897AD2D3}.Debug|Any CPU.ActiveCfg = Debug|Any CPU
		{53D328E6-045E-30D7-FA20-EF58897AD2D3}.Debug|Any CPU.Build.0 = Debug|Any CPU
		{53D328E6-045E-30D7-FA20-EF58897AD2D3}.Release|Any CPU.ActiveCfg = Release|Any CPU
		{53D328E6-045E-30D7-FA20-EF58897AD2D3}.Release|Any CPU.Build.0 = Release|Any CPU
		{301247DC-DDDF-7C34-B6EE-3B4DD03D5CCC}.Debug|Any CPU.ActiveCfg = Debug|Any CPU
		{301247DC-DDDF-7C34-B6EE-3B4DD03D5CCC}.Debug|Any CPU.Build.0 = Debug|Any CPU
		{301247DC-DDDF-7C34-B6EE-3B4DD03D5CCC}.Release|Any CPU.ActiveCfg = Release|Any CPU
		{301247DC-DDDF-7C34-B6EE-3B4DD03D5CCC}.Release|Any CPU.Build.0 = Release|Any CPU
		{D1433510-5F8E-ECB5-9A7D-552EA206C282}.Debug|Any CPU.ActiveCfg = Debug|Any CPU
		{D1433510-5F8E-ECB5-9A7D-552EA206C282}.Debug|Any CPU.Build.0 = Debug|Any CPU
		{D1433510-5F8E-ECB5-9A7D-552EA206C282}.Release|Any CPU.ActiveCfg = Release|Any CPU
		{D1433510-5F8E-ECB5-9A7D-552EA206C282}.Release|Any CPU.Build.0 = Release|Any CPU
		{9FB324A3-3531-87A0-3EFE-4940043BDBDC}.Debug|Any CPU.ActiveCfg = Debug|Any CPU
		{9FB324A3-3531-87A0-3EFE-4940043BDBDC}.Debug|Any CPU.Build.0 = Debug|Any CPU
		{9FB324A3-3531-87A0-3EFE-4940043BDBDC}.Release|Any CPU.ActiveCfg = Release|Any CPU
		{9FB324A3-3531-87A0-3EFE-4940043BDBDC}.Release|Any CPU.Build.0 = Release|Any CPU
		{C23AFF43-6962-1B82-BC62-B52F142E2701}.Debug|Any CPU.ActiveCfg = Debug|Any CPU
		{C23AFF43-6962-1B82-BC62-B52F142E2701}.Debug|Any CPU.Build.0 = Debug|Any CPU
		{C23AFF43-6962-1B82-BC62-B52F142E2701}.Release|Any CPU.ActiveCfg = Release|Any CPU
		{C23AFF43-6962-1B82-BC62-B52F142E2701}.Release|Any CPU.Build.0 = Release|Any CPU
	EndGlobalSection
	GlobalSection(SolutionProperties) = preSolution
		HideSolutionNode = FALSE
	EndGlobalSection
EndGlobal
